
Microsoft Visual Studio Solution File, Format Version 12.00
# Visual Studio Version 17
VisualStudioVersion = 17.14.36623.8 d17.14
MinimumVisualStudioVersion = 10.0.40219.1
Project("{FAE04EC0-301F-11D3-BF4B-00C04F79EFBC}") = "BookCollection", "BookCollection\BookCollection.csproj", "{87DC838E-8EC0-4EAA-9C9C-72249E822EF7}"
EndProject
Global
	GlobalSection(SolutionConfigurationPlatforms) = preSolution
		Debug|Any CPU = Debug|Any CPU
		Release|Any CPU = Release|Any CPU
	EndGlobalSection
	GlobalSection(ProjectConfigurationPlatforms) = postSolution
		{87DC838E-8EC0-4EAA-9C9C-72249E822EF7}.Debug|Any CPU.ActiveCfg = Debug|Any CPU
		{87DC838E-8EC0-4EAA-9C9C-72249E822EF7}.Debug|Any CPU.Build.0 = Debug|Any CPU
		{87DC838E-8EC0-4EAA-9C9C-72249E822EF7}.Release|Any CPU.ActiveCfg = Release|Any CPU
		{87DC838E-8EC0-4EAA-9C9C-72249E822EF7}.Release|Any CPU.Build.0 = Release|Any CPU
	EndGlobalSection
	GlobalSection(SolutionProperties) = preSolution
		HideSolutionNode = FALSE
	EndGlobalSection
	GlobalSection(ExtensibilityGlobals) = postSolution
		SolutionGuid = {259EACF8-897B-4B8C-BCFD-1C3C58C45FA0}
	EndGlobalSection
EndGlobal
